
Microsoft Visual Studio Solution File, Format Version 12.00
# Visual Studio Version 16
VisualStudioVersion = 16.0.30104.148
MinimumVisualStudioVersion = 10.0.40219.1
Project("{FAE04EC0-301F-11D3-BF4B-00C04F79EFBC}") = "Coord", "Coord\Coord.csproj", "{7DF19630-A3A8-4EA3-875E-684378EC87CE}"
EndProject
Global
	GlobalSection(SolutionConfigurationPlatforms) = preSolution
		Debug|Any CPU = Debug|Any CPU
		Release|Any CPU = Release|Any CPU
	EndGlobalSection
	GlobalSection(ProjectConfigurationPlatforms) = postSolution
		{7DF19630-A3A8-4EA3-875E-684378EC87CE}.Debug|Any CPU.ActiveCfg = Debug|Any CPU
		{7DF19630-A3A8-4EA3-875E-684378EC87CE}.Debug|Any CPU.Build.0 = Debug|Any CPU
		{7DF19630-A3A8-4EA3-875E-684378EC87CE}.Release|Any CPU.ActiveCfg = Release|Any CPU
		{7DF19630-A3A8-4EA3-875E-684378EC87CE}.Release|Any CPU.Build.0 = Release|Any CPU
	EndGlobalSection
	GlobalSection(SolutionProperties) = preSolution
		HideSolutionNode = FALSE
	EndGlobalSection
	GlobalSection(ExtensibilityGlobals) = postSolution
		SolutionGuid = {4D5C6095-CB6C-413A-82F1-D44E3664C7C5}
	EndGlobalSection
EndGlobal
